
Microsoft Visual Studio Solution File, Format Version 12.00
# Visual Studio 2012
Project("{FAE04EC0-301F-11D3-BF4B-00C04F79EFBC}") = "Producer-Consumer", "Producer-Consumer\Producer-Consumer.csproj", "{FFB98120-8D78-4C34-A4A0-691ED874FC1D}"
EndProject
Global
	GlobalSection(SolutionConfigurationPlatforms) = preSolution
		Debug|Any CPU = Debug|Any CPU
		Release|Any CPU = Release|Any CPU
	EndGlobalSection
	GlobalSection(ProjectConfigurationPlatforms) = postSolution
		{FFB98120-8D78-4C34-A4A0-691ED874FC1D}.Debug|Any CPU.ActiveCfg = Debug|Any CPU
		{FFB98120-8D78-4C34-A4A0-691ED874FC1D}.Debug|Any CPU.Build.0 = Debug|Any CPU
		{FFB98120-8D78-4C34-A4A0-691ED874FC1D}.Release|Any CPU.ActiveCfg = Release|Any CPU
		{FFB98120-8D78-4C34-A4A0-691ED874FC1D}.Release|Any CPU.Build.0 = Release|Any CPU
	EndGlobalSection
	GlobalSection(SolutionProperties) = preSolution
		HideSolutionNode = FALSE
	EndGlobalSection
EndGlobal
